<?xml version="1.0" encoding="utf-8"?>
<Project ToolsVersion="14.0" xmlns="http://schemas.microsoft.com/developer/msbuild/2003">
  <ItemGroup>
    <CustomBuild Include="D:\研究生课题\开源软件\HydraulicTestPlatform\CMakeFiles\f663ccbd34e656e889a0fdc6874e0069\INSTALL_force.rule">
      <Filter>CMake Rules</Filter>
    </CustomBuild>
  </ItemGroup>
  <ItemGroup>
    <Filter Include="CMake Rules">
      <UniqueIdentifier>{A980CFD4-95D5-3BA2-9585-BE9BE1A3A8C5}</UniqueIdentifier>
    </Filter>
  </ItemGroup>
</Project>
