Microsoft Visual Studio Solution File, Format Version 12.00
# Visual Studio 14
Project("{8BC9CEB8-8B4A-11D0-8D11-00A0C91BC942}") = "ALL_BUILD", "ALL_BUILD.vcxproj", "{C663A842-533D-327C-BA47-428B5729EF69}"
	ProjectSection(ProjectDependencies) = postProject
		{72C8D6E9-1CC8-3DBA-B486-F83E0510EF33} = {72C8D6E9-1CC8-3DBA-B486-F83E0510EF33}
		{B04311E4-148B-3C4F-A34A-2B1E87B8424C} = {B04311E4-148B-3C4F-A34A-2B1E87B8424C}
		{17A2CE14-B599-3E9B-987C-4C859FFF724F} = {17A2CE14-B599-3E9B-987C-4C859FFF724F}
		{162C65A9-C077-399B-81FF-45D7756FAFFF} = {162C65A9-C077-399B-81FF-45D7756FAFFF}
		{8DF3EA02-F60E-3482-B300-3D2D2EBBA528} = {8DF3EA02-F60E-3482-B300-3D2D2EBBA528}
	EndProjectSection
EndProject
Project("{8BC9CEB8-8B4A-11D0-8D11-00A0C91BC942}") = "INSTALL", "INSTALL.vcxproj", "{087F44C4-5E39-386E-89A7-08B934B86412}"
	ProjectSection(ProjectDependencies) = postProject
		{C663A842-533D-327C-BA47-428B5729EF69} = {C663A842-533D-327C-BA47-428B5729EF69}
		{72C8D6E9-1CC8-3DBA-B486-F83E0510EF33} = {72C8D6E9-1CC8-3DBA-B486-F83E0510EF33}
	EndProjectSection
EndProject
Project("{8BC9CEB8-8B4A-11D0-8D11-00A0C91BC942}") = "ZERO_CHECK", "ZERO_CHECK.vcxproj", "{72C8D6E9-1CC8-3DBA-B486-F83E0510EF33}"
	ProjectSection(ProjectDependencies) = postProject
	EndProjectSection
EndProject
Project("{8BC9CEB8-8B4A-11D0-8D11-00A0C91BC942}") = "eepromtool", "test\linux\eepromtool\eepromtool.vcxproj", "{B04311E4-148B-3C4F-A34A-2B1E87B8424C}"
	ProjectSection(ProjectDependencies) = postProject
		{72C8D6E9-1CC8-3DBA-B486-F83E0510EF33} = {72C8D6E9-1CC8-3DBA-B486-F83E0510EF33}
		{8DF3EA02-F60E-3482-B300-3D2D2EBBA528} = {8DF3EA02-F60E-3482-B300-3D2D2EBBA528}
	EndProjectSection
EndProject
Project("{8BC9CEB8-8B4A-11D0-8D11-00A0C91BC942}") = "simple_test", "test\linux\simple_test\simple_test.vcxproj", "{17A2CE14-B599-3E9B-987C-4C859FFF724F}"
	ProjectSection(ProjectDependencies) = postProject
		{72C8D6E9-1CC8-3DBA-B486-F83E0510EF33} = {72C8D6E9-1CC8-3DBA-B486-F83E0510EF33}
		{8DF3EA02-F60E-3482-B300-3D2D2EBBA528} = {8DF3EA02-F60E-3482-B300-3D2D2EBBA528}
	EndProjectSection
EndProject
Project("{8BC9CEB8-8B4A-11D0-8D11-00A0C91BC942}") = "slaveinfo", "test\linux\slaveinfo\slaveinfo.vcxproj", "{162C65A9-C077-399B-81FF-45D7756FAFFF}"
	ProjectSection(ProjectDependencies) = postProject
		{72C8D6E9-1CC8-3DBA-B486-F83E0510EF33} = {72C8D6E9-1CC8-3DBA-B486-F83E0510EF33}
		{8DF3EA02-F60E-3482-B300-3D2D2EBBA528} = {8DF3EA02-F60E-3482-B300-3D2D2EBBA528}
	EndProjectSection
EndProject
Project("{8BC9CEB8-8B4A-11D0-8D11-00A0C91BC942}") = "soem", "soem.vcxproj", "{8DF3EA02-F60E-3482-B300-3D2D2EBBA528}"
	ProjectSection(ProjectDependencies) = postProject
		{72C8D6E9-1CC8-3DBA-B486-F83E0510EF33} = {72C8D6E9-1CC8-3DBA-B486-F83E0510EF33}
	EndProjectSection
EndProject
Global
	GlobalSection(SolutionConfigurationPlatforms) = preSolution
		Debug|Win32 = Debug|Win32
		Release|Win32 = Release|Win32
		MinSizeRel|Win32 = MinSizeRel|Win32
		RelWithDebInfo|Win32 = RelWithDebInfo|Win32
	EndGlobalSection
	GlobalSection(ProjectConfigurationPlatforms) = postSolution
		{C663A842-533D-327C-BA47-428B5729EF69}.Debug|Win32.ActiveCfg = Debug|Win32
		{C663A842-533D-327C-BA47-428B5729EF69}.Debug|Win32.Build.0 = Debug|Win32
		{C663A842-533D-327C-BA47-428B5729EF69}.Release|Win32.ActiveCfg = Release|Win32
		{C663A842-533D-327C-BA47-428B5729EF69}.Release|Win32.Build.0 = Release|Win32
		{C663A842-533D-327C-BA47-428B5729EF69}.MinSizeRel|Win32.ActiveCfg = MinSizeRel|Win32
		{C663A842-533D-327C-BA47-428B5729EF69}.MinSizeRel|Win32.Build.0 = MinSizeRel|Win32
		{C663A842-533D-327C-BA47-428B5729EF69}.RelWithDebInfo|Win32.ActiveCfg = RelWithDebInfo|Win32
		{C663A842-533D-327C-BA47-428B5729EF69}.RelWithDebInfo|Win32.Build.0 = RelWithDebInfo|Win32
		{087F44C4-5E39-386E-89A7-08B934B86412}.Debug|Win32.ActiveCfg = Debug|Win32
		{087F44C4-5E39-386E-89A7-08B934B86412}.Release|Win32.ActiveCfg = Release|Win32
		{087F44C4-5E39-386E-89A7-08B934B86412}.MinSizeRel|Win32.ActiveCfg = MinSizeRel|Win32
		{087F44C4-5E39-386E-89A7-08B934B86412}.RelWithDebInfo|Win32.ActiveCfg = RelWithDebInfo|Win32
		{72C8D6E9-1CC8-3DBA-B486-F83E0510EF33}.Debug|Win32.ActiveCfg = Debug|Win32
		{72C8D6E9-1CC8-3DBA-B486-F83E0510EF33}.Debug|Win32.Build.0 = Debug|Win32
		{72C8D6E9-1CC8-3DBA-B486-F83E0510EF33}.Release|Win32.ActiveCfg = Release|Win32
		{72C8D6E9-1CC8-3DBA-B486-F83E0510EF33}.Release|Win32.Build.0 = Release|Win32
		{72C8D6E9-1CC8-3DBA-B486-F83E0510EF33}.MinSizeRel|Win32.ActiveCfg = MinSizeRel|Win32
		{72C8D6E9-1CC8-3DBA-B486-F83E0510EF33}.MinSizeRel|Win32.Build.0 = MinSizeRel|Win32
		{72C8D6E9-1CC8-3DBA-B486-F83E0510EF33}.RelWithDebInfo|Win32.ActiveCfg = RelWithDebInfo|Win32
		{72C8D6E9-1CC8-3DBA-B486-F83E0510EF33}.RelWithDebInfo|Win32.Build.0 = RelWithDebInfo|Win32
		{B04311E4-148B-3C4F-A34A-2B1E87B8424C}.Debug|Win32.ActiveCfg = Debug|Win32
		{B04311E4-148B-3C4F-A34A-2B1E87B8424C}.Debug|Win32.Build.0 = Debug|Win32
		{B04311E4-148B-3C4F-A34A-2B1E87B8424C}.Release|Win32.ActiveCfg = Release|Win32
		{B04311E4-148B-3C4F-A34A-2B1E87B8424C}.Release|Win32.Build.0 = Release|Win32
		{B04311E4-148B-3C4F-A34A-2B1E87B8424C}.MinSizeRel|Win32.ActiveCfg = MinSizeRel|Win32
		{B04311E4-148B-3C4F-A34A-2B1E87B8424C}.MinSizeRel|Win32.Build.0 = MinSizeRel|Win32
		{B04311E4-148B-3C4F-A34A-2B1E87B8424C}.RelWithDebInfo|Win32.ActiveCfg = RelWithDebInfo|Win32
		{B04311E4-148B-3C4F-A34A-2B1E87B8424C}.RelWithDebInfo|Win32.Build.0 = RelWithDebInfo|Win32
		{17A2CE14-B599-3E9B-987C-4C859FFF724F}.Debug|Win32.ActiveCfg = Debug|Win32
		{17A2CE14-B599-3E9B-987C-4C859FFF724F}.Debug|Win32.Build.0 = Debug|Win32
		{17A2CE14-B599-3E9B-987C-4C859FFF724F}.Release|Win32.ActiveCfg = Release|Win32
		{17A2CE14-B599-3E9B-987C-4C859FFF724F}.Release|Win32.Build.0 = Release|Win32
		{17A2CE14-B599-3E9B-987C-4C859FFF724F}.MinSizeRel|Win32.ActiveCfg = MinSizeRel|Win32
		{17A2CE14-B599-3E9B-987C-4C859FFF724F}.MinSizeRel|Win32.Build.0 = MinSizeRel|Win32
		{17A2CE14-B599-3E9B-987C-4C859FFF724F}.RelWithDebInfo|Win32.ActiveCfg = RelWithDebInfo|Win32
		{17A2CE14-B599-3E9B-987C-4C859FFF724F}.RelWithDebInfo|Win32.Build.0 = RelWithDebInfo|Win32
		{162C65A9-C077-399B-81FF-45D7756FAFFF}.Debug|Win32.ActiveCfg = Debug|Win32
		{162C65A9-C077-399B-81FF-45D7756FAFFF}.Debug|Win32.Build.0 = Debug|Win32
		{162C65A9-C077-399B-81FF-45D7756FAFFF}.Release|Win32.ActiveCfg = Release|Win32
		{162C65A9-C077-399B-81FF-45D7756FAFFF}.Release|Win32.Build.0 = Release|Win32
		{162C65A9-C077-399B-81FF-45D7756FAFFF}.MinSizeRel|Win32.ActiveCfg = MinSizeRel|Win32
		{162C65A9-C077-399B-81FF-45D7756FAFFF}.MinSizeRel|Win32.Build.0 = MinSizeRel|Win32
		{162C65A9-C077-399B-81FF-45D7756FAFFF}.RelWithDebInfo|Win32.ActiveCfg = RelWithDebInfo|Win32
		{162C65A9-C077-399B-81FF-45D7756FAFFF}.RelWithDebInfo|Win32.Build.0 = RelWithDebInfo|Win32
		{8DF3EA02-F60E-3482-B300-3D2D2EBBA528}.Debug|Win32.ActiveCfg = Debug|Win32
		{8DF3EA02-F60E-3482-B300-3D2D2EBBA528}.Debug|Win32.Build.0 = Debug|Win32
		{8DF3EA02-F60E-3482-B300-3D2D2EBBA528}.Release|Win32.ActiveCfg = Release|Win32
		{8DF3EA02-F60E-3482-B300-3D2D2EBBA528}.Release|Win32.Build.0 = Release|Win32
		{8DF3EA02-F60E-3482-B300-3D2D2EBBA528}.MinSizeRel|Win32.ActiveCfg = MinSizeRel|Win32
		{8DF3EA02-F60E-3482-B300-3D2D2EBBA528}.MinSizeRel|Win32.Build.0 = MinSizeRel|Win32
		{8DF3EA02-F60E-3482-B300-3D2D2EBBA528}.RelWithDebInfo|Win32.ActiveCfg = RelWithDebInfo|Win32
		{8DF3EA02-F60E-3482-B300-3D2D2EBBA528}.RelWithDebInfo|Win32.Build.0 = RelWithDebInfo|Win32
	EndGlobalSection
	GlobalSection(ExtensibilityGlobals) = postSolution
		SolutionGuid = {4148DC41-A6E8-3B39-B86A-33292CB48163}
	EndGlobalSection
	GlobalSection(ExtensibilityAddIns) = postSolution
	EndGlobalSection
EndGlobal
