
Microsoft Visual Studio Solution File, Format Version 12.00
# Visual Studio 14
VisualStudioVersion = 14.0.25420.1
MinimumVisualStudioVersion = 10.0.40219.1
Project("{FAE04EC0-301F-11D3-BF4B-00C04F79EFBC}") = "MasterConnector", "MasterConnector\MasterConnector.csproj", "{4ED5FC05-B7F9-4104-97B9-A489B25F3E84}"
EndProject
Project("{8BC9CEB8-8B4A-11D0-8D11-00A0C91BC942}") = "soem", "soem.vcxproj", "{8DF3EA02-F60E-3482-B300-3D2D2EBBA528}"
EndProject
Project("{8BC9CEB8-8B4A-11D0-8D11-00A0C91BC942}") = "simple_test", "test\linux\simple_test\simple_test.vcxproj", "{17A2CE14-B599-3E9B-987C-4C859FFF724F}"
EndProject
Project("{8BC9CEB8-8B4A-11D0-8D11-00A0C91BC942}") = "slaveinfo", "test\linux\slaveinfo\slaveinfo.vcxproj", "{162C65A9-C077-399B-81FF-45D7756FAFFF}"
EndProject
Project("{8BC9CEB8-8B4A-11D0-8D11-00A0C91BC942}") = "eepromtool", "test\linux\eepromtool\eepromtool.vcxproj", "{B04311E4-148B-3C4F-A34A-2B1E87B8424C}"
EndProject
Global
	GlobalSection(SolutionConfigurationPlatforms) = preSolution
		Debug|Any CPU = Debug|Any CPU
		Debug|x86 = Debug|x86
		MinSizeRel|Any CPU = MinSizeRel|Any CPU
		MinSizeRel|x86 = MinSizeRel|x86
		Release|Any CPU = Release|Any CPU
		Release|x86 = Release|x86
		RelWithDebInfo|Any CPU = RelWithDebInfo|Any CPU
		RelWithDebInfo|x86 = RelWithDebInfo|x86
	EndGlobalSection
	GlobalSection(ProjectConfigurationPlatforms) = postSolution
		{4ED5FC05-B7F9-4104-97B9-A489B25F3E84}.Debug|Any CPU.ActiveCfg = Debug|Any CPU
		{4ED5FC05-B7F9-4104-97B9-A489B25F3E84}.Debug|Any CPU.Build.0 = Debug|Any CPU
		{4ED5FC05-B7F9-4104-97B9-A489B25F3E84}.Debug|x86.ActiveCfg = Debug|Any CPU
		{4ED5FC05-B7F9-4104-97B9-A489B25F3E84}.Debug|x86.Build.0 = Debug|Any CPU
		{4ED5FC05-B7F9-4104-97B9-A489B25F3E84}.MinSizeRel|Any CPU.ActiveCfg = Release|Any CPU
		{4ED5FC05-B7F9-4104-97B9-A489B25F3E84}.MinSizeRel|Any CPU.Build.0 = Release|Any CPU
		{4ED5FC05-B7F9-4104-97B9-A489B25F3E84}.MinSizeRel|x86.ActiveCfg = Release|Any CPU
		{4ED5FC05-B7F9-4104-97B9-A489B25F3E84}.MinSizeRel|x86.Build.0 = Release|Any CPU
		{4ED5FC05-B7F9-4104-97B9-A489B25F3E84}.Release|Any CPU.ActiveCfg = Release|Any CPU
		{4ED5FC05-B7F9-4104-97B9-A489B25F3E84}.Release|Any CPU.Build.0 = Release|Any CPU
		{4ED5FC05-B7F9-4104-97B9-A489B25F3E84}.Release|x86.ActiveCfg = Release|Any CPU
		{4ED5FC05-B7F9-4104-97B9-A489B25F3E84}.Release|x86.Build.0 = Release|Any CPU
		{4ED5FC05-B7F9-4104-97B9-A489B25F3E84}.RelWithDebInfo|Any CPU.ActiveCfg = Release|Any CPU
		{4ED5FC05-B7F9-4104-97B9-A489B25F3E84}.RelWithDebInfo|Any CPU.Build.0 = Release|Any CPU
		{4ED5FC05-B7F9-4104-97B9-A489B25F3E84}.RelWithDebInfo|x86.ActiveCfg = Release|Any CPU
		{4ED5FC05-B7F9-4104-97B9-A489B25F3E84}.RelWithDebInfo|x86.Build.0 = Release|Any CPU
		{8DF3EA02-F60E-3482-B300-3D2D2EBBA528}.Debug|Any CPU.ActiveCfg = Debug|Win32
		{8DF3EA02-F60E-3482-B300-3D2D2EBBA528}.Debug|x86.ActiveCfg = Debug|Win32
		{8DF3EA02-F60E-3482-B300-3D2D2EBBA528}.Debug|x86.Build.0 = Debug|Win32
		{8DF3EA02-F60E-3482-B300-3D2D2EBBA528}.MinSizeRel|Any CPU.ActiveCfg = MinSizeRel|Win32
		{8DF3EA02-F60E-3482-B300-3D2D2EBBA528}.MinSizeRel|x86.ActiveCfg = MinSizeRel|Win32
		{8DF3EA02-F60E-3482-B300-3D2D2EBBA528}.MinSizeRel|x86.Build.0 = MinSizeRel|Win32
		{8DF3EA02-F60E-3482-B300-3D2D2EBBA528}.Release|Any CPU.ActiveCfg = Release|Win32
		{8DF3EA02-F60E-3482-B300-3D2D2EBBA528}.Release|x86.ActiveCfg = Release|Win32
		{8DF3EA02-F60E-3482-B300-3D2D2EBBA528}.Release|x86.Build.0 = Release|Win32
		{8DF3EA02-F60E-3482-B300-3D2D2EBBA528}.RelWithDebInfo|Any CPU.ActiveCfg = RelWithDebInfo|Win32
		{8DF3EA02-F60E-3482-B300-3D2D2EBBA528}.RelWithDebInfo|x86.ActiveCfg = RelWithDebInfo|Win32
		{8DF3EA02-F60E-3482-B300-3D2D2EBBA528}.RelWithDebInfo|x86.Build.0 = RelWithDebInfo|Win32
		{17A2CE14-B599-3E9B-987C-4C859FFF724F}.Debug|Any CPU.ActiveCfg = Debug|Win32
		{17A2CE14-B599-3E9B-987C-4C859FFF724F}.Debug|x86.ActiveCfg = Debug|Win32
		{17A2CE14-B599-3E9B-987C-4C859FFF724F}.Debug|x86.Build.0 = Debug|Win32
		{17A2CE14-B599-3E9B-987C-4C859FFF724F}.MinSizeRel|Any CPU.ActiveCfg = MinSizeRel|Win32
		{17A2CE14-B599-3E9B-987C-4C859FFF724F}.MinSizeRel|x86.ActiveCfg = MinSizeRel|Win32
		{17A2CE14-B599-3E9B-987C-4C859FFF724F}.MinSizeRel|x86.Build.0 = MinSizeRel|Win32
		{17A2CE14-B599-3E9B-987C-4C859FFF724F}.Release|Any CPU.ActiveCfg = Release|Win32
		{17A2CE14-B599-3E9B-987C-4C859FFF724F}.Release|x86.ActiveCfg = Release|Win32
		{17A2CE14-B599-3E9B-987C-4C859FFF724F}.Release|x86.Build.0 = Release|Win32
		{17A2CE14-B599-3E9B-987C-4C859FFF724F}.RelWithDebInfo|Any CPU.ActiveCfg = RelWithDebInfo|Win32
		{17A2CE14-B599-3E9B-987C-4C859FFF724F}.RelWithDebInfo|x86.ActiveCfg = RelWithDebInfo|Win32
		{17A2CE14-B599-3E9B-987C-4C859FFF724F}.RelWithDebInfo|x86.Build.0 = RelWithDebInfo|Win32
		{162C65A9-C077-399B-81FF-45D7756FAFFF}.Debug|Any CPU.ActiveCfg = Debug|Win32
		{162C65A9-C077-399B-81FF-45D7756FAFFF}.Debug|x86.ActiveCfg = Debug|Win32
		{162C65A9-C077-399B-81FF-45D7756FAFFF}.Debug|x86.Build.0 = Debug|Win32
		{162C65A9-C077-399B-81FF-45D7756FAFFF}.MinSizeRel|Any CPU.ActiveCfg = MinSizeRel|Win32
		{162C65A9-C077-399B-81FF-45D7756FAFFF}.MinSizeRel|x86.ActiveCfg = MinSizeRel|Win32
		{162C65A9-C077-399B-81FF-45D7756FAFFF}.MinSizeRel|x86.Build.0 = MinSizeRel|Win32
		{162C65A9-C077-399B-81FF-45D7756FAFFF}.Release|Any CPU.ActiveCfg = Release|Win32
		{162C65A9-C077-399B-81FF-45D7756FAFFF}.Release|x86.ActiveCfg = Release|Win32
		{162C65A9-C077-399B-81FF-45D7756FAFFF}.Release|x86.Build.0 = Release|Win32
		{162C65A9-C077-399B-81FF-45D7756FAFFF}.RelWithDebInfo|Any CPU.ActiveCfg = RelWithDebInfo|Win32
		{162C65A9-C077-399B-81FF-45D7756FAFFF}.RelWithDebInfo|x86.ActiveCfg = RelWithDebInfo|Win32
		{162C65A9-C077-399B-81FF-45D7756FAFFF}.RelWithDebInfo|x86.Build.0 = RelWithDebInfo|Win32
		{B04311E4-148B-3C4F-A34A-2B1E87B8424C}.Debug|Any CPU.ActiveCfg = Debug|Win32
		{B04311E4-148B-3C4F-A34A-2B1E87B8424C}.Debug|x86.ActiveCfg = Debug|Win32
		{B04311E4-148B-3C4F-A34A-2B1E87B8424C}.Debug|x86.Build.0 = Debug|Win32
		{B04311E4-148B-3C4F-A34A-2B1E87B8424C}.MinSizeRel|Any CPU.ActiveCfg = MinSizeRel|Win32
		{B04311E4-148B-3C4F-A34A-2B1E87B8424C}.MinSizeRel|x86.ActiveCfg = MinSizeRel|Win32
		{B04311E4-148B-3C4F-A34A-2B1E87B8424C}.MinSizeRel|x86.Build.0 = MinSizeRel|Win32
		{B04311E4-148B-3C4F-A34A-2B1E87B8424C}.Release|Any CPU.ActiveCfg = Release|Win32
		{B04311E4-148B-3C4F-A34A-2B1E87B8424C}.Release|x86.ActiveCfg = Release|Win32
		{B04311E4-148B-3C4F-A34A-2B1E87B8424C}.Release|x86.Build.0 = Release|Win32
		{B04311E4-148B-3C4F-A34A-2B1E87B8424C}.RelWithDebInfo|Any CPU.ActiveCfg = RelWithDebInfo|Win32
		{B04311E4-148B-3C4F-A34A-2B1E87B8424C}.RelWithDebInfo|x86.ActiveCfg = RelWithDebInfo|Win32
		{B04311E4-148B-3C4F-A34A-2B1E87B8424C}.RelWithDebInfo|x86.Build.0 = RelWithDebInfo|Win32
	EndGlobalSection
	GlobalSection(SolutionProperties) = preSolution
		HideSolutionNode = FALSE
	EndGlobalSection
EndGlobal
